// !$*UTF8*$!
{
	archiveVersion = 1;
	classes = {
	};
	objectVersion = 56;
	objects = {

/* Begin PBXBuildFile section */
		3C84B45A2C27AF7F00D36C21 /* AppDelegate.swift in Sources */ = {isa = PBXBuildFile; fileRef = 3C84B4592C27AF7F00D36C21 /* AppDelegate.swift */; };
		3C84B45C2C27AF7F00D36C21 /* SceneDelegate.swift in Sources */ = {isa = PBXBuildFile; fileRef = 3C84B45B2C27AF7F00D36C21 /* SceneDelegate.swift */; };
		3C84B45E2C27AF7F00D36C21 /* RMTabViewController.swift in Sources */ = {isa = PBXBuildFile; fileRef = 3C84B45D2C27AF7F00D36C21 /* RMTabViewController.swift */; };
		3C84B4632C27AF8000D36C21 /* Assets.xcassets in Resources */ = {isa = PBXBuildFile; fileRef = 3C84B4622C27AF8000D36C21 /* Assets.xcassets */; };
		3C84B4662C27AF8000D36C21 /* Base in Resources */ = {isa = PBXBuildFile; fileRef = 3C84B4652C27AF8000D36C21 /* Base */; };
		3C84B4752C27B20A00D36C21 /* RMLocation.swift in Sources */ = {isa = PBXBuildFile; fileRef = 3C84B4742C27B20A00D36C21 /* RMLocation.swift */; };
		3C84B4772C27B22200D36C21 /* RMCharacter.swift in Sources */ = {isa = PBXBuildFile; fileRef = 3C84B4762C27B22200D36C21 /* RMCharacter.swift */; };
		3C84B4792C27B22C00D36C21 /* RMEpisode.swift in Sources */ = {isa = PBXBuildFile; fileRef = 3C84B4782C27B22C00D36C21 /* RMEpisode.swift */; };
		3C84B47C2C27B30600D36C21 /* RMCharacterViewController.swift in Sources */ = {isa = PBXBuildFile; fileRef = 3C84B47B2C27B30600D36C21 /* RMCharacterViewController.swift */; };
		3C84B47E2C27B32500D36C21 /* RMLocationViewController.swift in Sources */ = {isa = PBXBuildFile; fileRef = 3C84B47D2C27B32500D36C21 /* RMLocationViewController.swift */; };
		3C84B4802C27B33900D36C21 /* RMEpisodeViewController.swift in Sources */ = {isa = PBXBuildFile; fileRef = 3C84B47F2C27B33900D36C21 /* RMEpisodeViewController.swift */; };
		3C84B4822C27B35000D36C21 /* RMSettingsViewController.swift in Sources */ = {isa = PBXBuildFile; fileRef = 3C84B4812C27B35000D36C21 /* RMSettingsViewController.swift */; };
		3CB4BF1B2C27C336008EA6F8 /* RMService.swift in Sources */ = {isa = PBXBuildFile; fileRef = 3CB4BF1A2C27C336008EA6F8 /* RMService.swift */; };
		3CB4BF1D2C27C34B008EA6F8 /* RMRequest.swift in Sources */ = {isa = PBXBuildFile; fileRef = 3CB4BF1C2C27C34B008EA6F8 /* RMRequest.swift */; };
		3CB4BF1F2C27C41D008EA6F8 /* RMEndpoint.swift in Sources */ = {isa = PBXBuildFile; fileRef = 3CB4BF1E2C27C41D008EA6F8 /* RMEndpoint.swift */; };
		3CB4BF212C27CE22008EA6F8 /* RMOrigin.swift in Sources */ = {isa = PBXBuildFile; fileRef = 3CB4BF202C27CE22008EA6F8 /* RMOrigin.swift */; };
		3CB4BF232C27CEA2008EA6F8 /* RMSingleLocation.swift in Sources */ = {isa = PBXBuildFile; fileRef = 3CB4BF222C27CEA2008EA6F8 /* RMSingleLocation.swift */; };
		3CB4BF252C27D042008EA6F8 /* RMCharacterStatus.swift in Sources */ = {isa = PBXBuildFile; fileRef = 3CB4BF242C27D042008EA6F8 /* RMCharacterStatus.swift */; };
		3CB4BF272C27D075008EA6F8 /* RMCharacterGender.swift in Sources */ = {isa = PBXBuildFile; fileRef = 3CB4BF262C27D075008EA6F8 /* RMCharacterGender.swift */; };
		3CB4BF2B2C28810A008EA6F8 /* RMGetAllCharactersResponse.swift in Sources */ = {isa = PBXBuildFile; fileRef = 3CB4BF2A2C28810A008EA6F8 /* RMGetAllCharactersResponse.swift */; };
/* End PBXBuildFile section */

/* Begin PBXFileReference section */
		3C84B4562C27AF7F00D36C21 /* RickAndMorty.app */ = {isa = PBXFileReference; explicitFileType = wrapper.application; includeInIndex = 0; path = RickAndMorty.app; sourceTree = BUILT_PRODUCTS_DIR; };
		3C84B4592C27AF7F00D36C21 /* AppDelegate.swift */ = {isa = PBXFileReference; lastKnownFileType = sourcecode.swift; path = AppDelegate.swift; sourceTree = "<group>"; };
		3C84B45B2C27AF7F00D36C21 /* SceneDelegate.swift */ = {isa = PBXFileReference; lastKnownFileType = sourcecode.swift; path = SceneDelegate.swift; sourceTree = "<group>"; };
		3C84B45D2C27AF7F00D36C21 /* RMTabViewController.swift */ = {isa = PBXFileReference; lastKnownFileType = sourcecode.swift; path = RMTabViewController.swift; sourceTree = "<group>"; };
		3C84B4622C27AF8000D36C21 /* Assets.xcassets */ = {isa = PBXFileReference; lastKnownFileType = folder.assetcatalog; path = Assets.xcassets; sourceTree = "<group>"; };
		3C84B4652C27AF8000D36C21 /* Base */ = {isa = PBXFileReference; lastKnownFileType = file.storyboard; name = Base; path = Base.lproj/LaunchScreen.storyboard; sourceTree = "<group>"; };
		3C84B4672C27AF8000D36C21 /* Info.plist */ = {isa = PBXFileReference; lastKnownFileType = text.plist.xml; path = Info.plist; sourceTree = "<group>"; };
		3C84B4742C27B20A00D36C21 /* RMLocation.swift */ = {isa = PBXFileReference; lastKnownFileType = sourcecode.swift; path = RMLocation.swift; sourceTree = "<group>"; };
		3C84B4762C27B22200D36C21 /* RMCharacter.swift */ = {isa = PBXFileReference; lastKnownFileType = sourcecode.swift; path = RMCharacter.swift; sourceTree = "<group>"; };
		3C84B4782C27B22C00D36C21 /* RMEpisode.swift */ = {isa = PBXFileReference; lastKnownFileType = sourcecode.swift; path = RMEpisode.swift; sourceTree = "<group>"; };
		3C84B47B2C27B30600D36C21 /* RMCharacterViewController.swift */ = {isa = PBXFileReference; lastKnownFileType = sourcecode.swift; path = RMCharacterViewController.swift; sourceTree = "<group>"; };
		3C84B47D2C27B32500D36C21 /* RMLocationViewController.swift */ = {isa = PBXFileReference; lastKnownFileType = sourcecode.swift; path = RMLocationViewController.swift; sourceTree = "<group>"; };
		3C84B47F2C27B33900D36C21 /* RMEpisodeViewController.swift */ = {isa = PBXFileReference; lastKnownFileType = sourcecode.swift; path = RMEpisodeViewController.swift; sourceTree = "<group>"; };
		3C84B4812C27B35000D36C21 /* RMSettingsViewController.swift */ = {isa = PBXFileReference; lastKnownFileType = sourcecode.swift; path = RMSettingsViewController.swift; sourceTree = "<group>"; };
		3CB4BF1A2C27C336008EA6F8 /* RMService.swift */ = {isa = PBXFileReference; lastKnownFileType = sourcecode.swift; path = RMService.swift; sourceTree = "<group>"; };
		3CB4BF1C2C27C34B008EA6F8 /* RMRequest.swift */ = {isa = PBXFileReference; lastKnownFileType = sourcecode.swift; path = RMRequest.swift; sourceTree = "<group>"; };
		3CB4BF1E2C27C41D008EA6F8 /* RMEndpoint.swift */ = {isa = PBXFileReference; lastKnownFileType = sourcecode.swift; path = RMEndpoint.swift; sourceTree = "<group>"; };
		3CB4BF202C27CE22008EA6F8 /* RMOrigin.swift */ = {isa = PBXFileReference; lastKnownFileType = sourcecode.swift; path = RMOrigin.swift; sourceTree = "<group>"; };
		3CB4BF222C27CEA2008EA6F8 /* RMSingleLocation.swift */ = {isa = PBXFileReference; lastKnownFileType = sourcecode.swift; path = RMSingleLocation.swift; sourceTree = "<group>"; };
		3CB4BF242C27D042008EA6F8 /* RMCharacterStatus.swift */ = {isa = PBXFileReference; lastKnownFileType = sourcecode.swift; path = RMCharacterStatus.swift; sourceTree = "<group>"; };
		3CB4BF262C27D075008EA6F8 /* RMCharacterGender.swift */ = {isa = PBXFileReference; lastKnownFileType = sourcecode.swift; path = RMCharacterGender.swift; sourceTree = "<group>"; };
		3CB4BF2A2C28810A008EA6F8 /* RMGetAllCharactersResponse.swift */ = {isa = PBXFileReference; lastKnownFileType = sourcecode.swift; path = RMGetAllCharactersResponse.swift; sourceTree = "<group>"; };
/* End PBXFileReference section */

/* Begin PBXFrameworksBuildPhase section */
		3C84B4532C27AF7F00D36C21 /* Frameworks */ = {
			isa = PBXFrameworksBuildPhase;
			buildActionMask = 2147483647;
			files = (
			);
			runOnlyForDeploymentPostprocessing = 0;
		};
/* End PBXFrameworksBuildPhase section */

/* Begin PBXGroup section */
		3C84B44D2C27AF7F00D36C21 = {
			isa = PBXGroup;
			children = (
				3C84B4582C27AF7F00D36C21 /* RickAndMorty */,
				3C84B4572C27AF7F00D36C21 /* Products */,
			);
			sourceTree = "<group>";
		};
		3C84B4572C27AF7F00D36C21 /* Products */ = {
			isa = PBXGroup;
			children = (
				3C84B4562C27AF7F00D36C21 /* RickAndMorty.app */,
			);
			name = Products;
			sourceTree = "<group>";
		};
		3C84B4582C27AF7F00D36C21 /* RickAndMorty */ = {
			isa = PBXGroup;
			children = (
				3C84B4732C27B19500D36C21 /* Resources */,
				3C84B4712C27B17800D36C21 /* Managers */,
				3C84B4722C27B18600D36C21 /* APIClient */,
				3C84B4702C27B16F00D36C21 /* ViewModels */,
				3C84B46F2C27B16A00D36C21 /* Views */,
				3C84B46E2C27B16200D36C21 /* Models */,
				3C84B46D2C27B15400D36C21 /* Controllers */,
				3C84B4672C27AF8000D36C21 /* Info.plist */,
			);
			path = RickAndMorty;
			sourceTree = "<group>";
		};
		3C84B46D2C27B15400D36C21 /* Controllers */ = {
			isa = PBXGroup;
			children = (
				3C84B47A2C27B2D100D36C21 /* Core */,
			);
			path = Controllers;
			sourceTree = "<group>";
		};
		3C84B46E2C27B16200D36C21 /* Models */ = {
			isa = PBXGroup;
			children = (
				3CB4BF292C2880C4008EA6F8 /* APIResponseTypes */,
				3CB4BF282C2880B3008EA6F8 /* DataTypes */,
			);
			path = Models;
			sourceTree = "<group>";
		};
		3C84B46F2C27B16A00D36C21 /* Views */ = {
			isa = PBXGroup;
			children = (
			);
			path = Views;
			sourceTree = "<group>";
		};
		3C84B4702C27B16F00D36C21 /* ViewModels */ = {
			isa = PBXGroup;
			children = (
			);
			path = ViewModels;
			sourceTree = "<group>";
		};
		3C84B4712C27B17800D36C21 /* Managers */ = {
			isa = PBXGroup;
			children = (
			);
			path = Managers;
			sourceTree = "<group>";
		};
		3C84B4722C27B18600D36C21 /* APIClient */ = {
			isa = PBXGroup;
			children = (
				3CB4BF1A2C27C336008EA6F8 /* RMService.swift */,
				3CB4BF1C2C27C34B008EA6F8 /* RMRequest.swift */,
				3CB4BF1E2C27C41D008EA6F8 /* RMEndpoint.swift */,
			);
			path = APIClient;
			sourceTree = "<group>";
		};
		3C84B4732C27B19500D36C21 /* Resources */ = {
			isa = PBXGroup;
			children = (
				3C84B4592C27AF7F00D36C21 /* AppDelegate.swift */,
				3C84B45B2C27AF7F00D36C21 /* SceneDelegate.swift */,
				3C84B4622C27AF8000D36C21 /* Assets.xcassets */,
				3C84B4642C27AF8000D36C21 /* LaunchScreen.storyboard */,
			);
			path = Resources;
			sourceTree = "<group>";
		};
		3C84B47A2C27B2D100D36C21 /* Core */ = {
			isa = PBXGroup;
			children = (
				3C84B45D2C27AF7F00D36C21 /* RMTabViewController.swift */,
				3C84B47B2C27B30600D36C21 /* RMCharacterViewController.swift */,
				3C84B47D2C27B32500D36C21 /* RMLocationViewController.swift */,
				3C84B47F2C27B33900D36C21 /* RMEpisodeViewController.swift */,
				3C84B4812C27B35000D36C21 /* RMSettingsViewController.swift */,
			);
			path = Core;
			sourceTree = "<group>";
		};
		3CB4BF282C2880B3008EA6F8 /* DataTypes */ = {
			isa = PBXGroup;
			children = (
				3C84B4742C27B20A00D36C21 /* RMLocation.swift */,
				3C84B4762C27B22200D36C21 /* RMCharacter.swift */,
				3C84B4782C27B22C00D36C21 /* RMEpisode.swift */,
				3CB4BF202C27CE22008EA6F8 /* RMOrigin.swift */,
				3CB4BF222C27CEA2008EA6F8 /* RMSingleLocation.swift */,
				3CB4BF242C27D042008EA6F8 /* RMCharacterStatus.swift */,
				3CB4BF262C27D075008EA6F8 /* RMCharacterGender.swift */,
			);
			path = DataTypes;
			sourceTree = "<group>";
		};
		3CB4BF292C2880C4008EA6F8 /* APIResponseTypes */ = {
			isa = PBXGroup;
			children = (
				3CB4BF2A2C28810A008EA6F8 /* RMGetAllCharactersResponse.swift */,
			);
			path = APIResponseTypes;
			sourceTree = "<group>";
		};
/* End PBXGroup section */

/* Begin PBXNativeTarget section */
		3C84B4552C27AF7F00D36C21 /* RickAndMorty */ = {
			isa = PBXNativeTarget;
			buildConfigurationList = 3C84B46A2C27AF8000D36C21 /* Build configuration list for PBXNativeTarget "RickAndMorty" */;
			buildPhases = (
				3C84B4522C27AF7F00D36C21 /* Sources */,
				3C84B4532C27AF7F00D36C21 /* Frameworks */,
				3C84B4542C27AF7F00D36C21 /* Resources */,
			);
			buildRules = (
			);
			dependencies = (
			);
			name = RickAndMorty;
			productName = RickAndMorty;
			productReference = 3C84B4562C27AF7F00D36C21 /* RickAndMorty.app */;
			productType = "com.apple.product-type.application";
		};
/* End PBXNativeTarget section */

/* Begin PBXProject section */
		3C84B44E2C27AF7F00D36C21 /* Project object */ = {
			isa = PBXProject;
			attributes = {
				BuildIndependentTargetsInParallel = 1;
				LastSwiftUpdateCheck = 1540;
				LastUpgradeCheck = 1540;
				TargetAttributes = {
					3C84B4552C27AF7F00D36C21 = {
						CreatedOnToolsVersion = 15.4;
					};
				};
			};
			buildConfigurationList = 3C84B4512C27AF7F00D36C21 /* Build configuration list for PBXProject "RickAndMorty" */;
			compatibilityVersion = "Xcode 14.0";
			developmentRegion = en;
			hasScannedForEncodings = 0;
			knownRegions = (
				en,
				Base,
			);
			mainGroup = 3C84B44D2C27AF7F00D36C21;
			productRefGroup = 3C84B4572C27AF7F00D36C21 /* Products */;
			projectDirPath = "";
			projectRoot = "";
			targets = (
				3C84B4552C27AF7F00D36C21 /* RickAndMorty */,
			);
		};
/* End PBXProject section */

/* Begin PBXResourcesBuildPhase section */
		3C84B4542C27AF7F00D36C21 /* Resources */ = {
			isa = PBXResourcesBuildPhase;
			buildActionMask = 2147483647;
			files = (
				3C84B4632C27AF8000D36C21 /* Assets.xcassets in Resources */,
				3C84B4662C27AF8000D36C21 /* Base in Resources */,
			);
			runOnlyForDeploymentPostprocessing = 0;
		};
/* End PBXResourcesBuildPhase section */

/* Begin PBXSourcesBuildPhase section */
		3C84B4522C27AF7F00D36C21 /* Sources */ = {
			isa = PBXSourcesBuildPhase;
			buildActionMask = 2147483647;
			files = (
				3CB4BF2B2C28810A008EA6F8 /* RMGetAllCharactersResponse.swift in Sources */,
				3CB4BF212C27CE22008EA6F8 /* RMOrigin.swift in Sources */,
				3CB4BF232C27CEA2008EA6F8 /* RMSingleLocation.swift in Sources */,
				3CB4BF252C27D042008EA6F8 /* RMCharacterStatus.swift in Sources */,
				3CB4BF272C27D075008EA6F8 /* RMCharacterGender.swift in Sources */,
				3C84B47E2C27B32500D36C21 /* RMLocationViewController.swift in Sources */,
				3C84B4792C27B22C00D36C21 /* RMEpisode.swift in Sources */,
				3C84B45E2C27AF7F00D36C21 /* RMTabViewController.swift in Sources */,
				3C84B4802C27B33900D36C21 /* RMEpisodeViewController.swift in Sources */,
				3C84B45A2C27AF7F00D36C21 /* AppDelegate.swift in Sources */,
				3C84B45C2C27AF7F00D36C21 /* SceneDelegate.swift in Sources */,
				3C84B4822C27B35000D36C21 /* RMSettingsViewController.swift in Sources */,
				3CB4BF1B2C27C336008EA6F8 /* RMService.swift in Sources */,
				3C84B4752C27B20A00D36C21 /* RMLocation.swift in Sources */,
				3CB4BF1F2C27C41D008EA6F8 /* RMEndpoint.swift in Sources */,
				3C84B4772C27B22200D36C21 /* RMCharacter.swift in Sources */,
				3CB4BF1D2C27C34B008EA6F8 /* RMRequest.swift in Sources */,
				3C84B47C2C27B30600D36C21 /* RMCharacterViewController.swift in Sources */,
			);
			runOnlyForDeploymentPostprocessing = 0;
		};
/* End PBXSourcesBuildPhase section */

/* Begin PBXVariantGroup section */
		3C84B4642C27AF8000D36C21 /* LaunchScreen.storyboard */ = {
			isa = PBXVariantGroup;
			children = (
				3C84B4652C27AF8000D36C21 /* Base */,
			);
			name = LaunchScreen.storyboard;
			sourceTree = "<group>";
		};
/* End PBXVariantGroup section */

/* Begin XCBuildConfiguration section */
		3C84B4682C27AF8000D36C21 /* Debug */ = {
			isa = XCBuildConfiguration;
			buildSettings = {
				ALWAYS_SEARCH_USER_PATHS = NO;
				ASSETCATALOG_COMPILER_GENERATE_SWIFT_ASSET_SYMBOL_EXTENSIONS = YES;
				CLANG_ANALYZER_NONNULL = YES;
				CLANG_ANALYZER_NUMBER_OBJECT_CONVERSION = YES_AGGRESSIVE;
				CLANG_CXX_LANGUAGE_STANDARD = "gnu++20";
				CLANG_ENABLE_MODULES = YES;
				CLANG_ENABLE_OBJC_ARC = YES;
				CLANG_ENABLE_OBJC_WEAK = YES;
				CLANG_WARN_BLOCK_CAPTURE_AUTORELEASING = YES;
				CLANG_WARN_BOOL_CONVERSION = YES;
				CLANG_WARN_COMMA = YES;
				CLANG_WARN_CONSTANT_CONVERSION = YES;
				CLANG_WARN_DEPRECATED_OBJC_IMPLEMENTATIONS = YES;
				CLANG_WARN_DIRECT_OBJC_ISA_USAGE = YES_ERROR;
				CLANG_WARN_DOCUMENTATION_COMMENTS = YES;
				CLANG_WARN_EMPTY_BODY = YES;
				CLANG_WARN_ENUM_CONVERSION = YES;
				CLANG_WARN_INFINITE_RECURSION = YES;
				CLANG_WARN_INT_CONVERSION = YES;
				CLANG_WARN_NON_LITERAL_NULL_CONVERSION = YES;
				CLANG_WARN_OBJC_IMPLICIT_RETAIN_SELF = YES;
				CLANG_WARN_OBJC_LITERAL_CONVERSION = YES;
				CLANG_WARN_OBJC_ROOT_CLASS = YES_ERROR;
				CLANG_WARN_QUOTED_INCLUDE_IN_FRAMEWORK_HEADER = YES;
				CLANG_WARN_RANGE_LOOP_ANALYSIS = YES;
				CLANG_WARN_STRICT_PROTOTYPES = YES;
				CLANG_WARN_SUSPICIOUS_MOVE = YES;
				CLANG_WARN_UNGUARDED_AVAILABILITY = YES_AGGRESSIVE;
				CLANG_WARN_UNREACHABLE_CODE = YES;
				CLANG_WARN__DUPLICATE_METHOD_MATCH = YES;
				COPY_PHASE_STRIP = NO;
				DEBUG_INFORMATION_FORMAT = dwarf;
				ENABLE_STRICT_OBJC_MSGSEND = YES;
				ENABLE_TESTABILITY = YES;
				ENABLE_USER_SCRIPT_SANDBOXING = YES;
				GCC_C_LANGUAGE_STANDARD = gnu17;
				GCC_DYNAMIC_NO_PIC = NO;
				GCC_NO_COMMON_BLOCKS = YES;
				GCC_OPTIMIZATION_LEVEL = 0;
				GCC_PREPROCESSOR_DEFINITIONS = (
					"DEBUG=1",
					"$(inherited)",
				);
				GCC_WARN_64_TO_32_BIT_CONVERSION = YES;
				GCC_WARN_ABOUT_RETURN_TYPE = YES_ERROR;
				GCC_WARN_UNDECLARED_SELECTOR = YES;
				GCC_WARN_UNINITIALIZED_AUTOS = YES_AGGRESSIVE;
				GCC_WARN_UNUSED_FUNCTION = YES;
				GCC_WARN_UNUSED_VARIABLE = YES;
				IPHONEOS_DEPLOYMENT_TARGET = 17.5;
				LOCALIZATION_PREFERS_STRING_CATALOGS = YES;
				MTL_ENABLE_DEBUG_INFO = INCLUDE_SOURCE;
				MTL_FAST_MATH = YES;
				ONLY_ACTIVE_ARCH = YES;
				SDKROOT = iphoneos;
				SWIFT_ACTIVE_COMPILATION_CONDITIONS = "DEBUG $(inherited)";
				SWIFT_OPTIMIZATION_LEVEL = "-Onone";
			};
			name = Debug;
		};
		3C84B4692C27AF8000D36C21 /* Release */ = {
			isa = XCBuildConfiguration;
			buildSettings = {
				ALWAYS_SEARCH_USER_PATHS = NO;
				ASSETCATALOG_COMPILER_GENERATE_SWIFT_ASSET_SYMBOL_EXTENSIONS = YES;
				CLANG_ANALYZER_NONNULL = YES;
				CLANG_ANALYZER_NUMBER_OBJECT_CONVERSION = YES_AGGRESSIVE;
				CLANG_CXX_LANGUAGE_STANDARD = "gnu++20";
				CLANG_ENABLE_MODULES = YES;
				CLANG_ENABLE_OBJC_ARC = YES;
				CLANG_ENABLE_OBJC_WEAK = YES;
				CLANG_WARN_BLOCK_CAPTURE_AUTORELEASING = YES;
				CLANG_WARN_BOOL_CONVERSION = YES;
				CLANG_WARN_COMMA = YES;
				CLANG_WARN_CONSTANT_CONVERSION = YES;
				CLANG_WARN_DEPRECATED_OBJC_IMPLEMENTATIONS = YES;
				CLANG_WARN_DIRECT_OBJC_ISA_USAGE = YES_ERROR;
				CLANG_WARN_DOCUMENTATION_COMMENTS = YES;
				CLANG_WARN_EMPTY_BODY = YES;
				CLANG_WARN_ENUM_CONVERSION = YES;
				CLANG_WARN_INFINITE_RECURSION = YES;
				CLANG_WARN_INT_CONVERSION = YES;
				CLANG_WARN_NON_LITERAL_NULL_CONVERSION = YES;
				CLANG_WARN_OBJC_IMPLICIT_RETAIN_SELF = YES;
				CLANG_WARN_OBJC_LITERAL_CONVERSION = YES;
				CLANG_WARN_OBJC_ROOT_CLASS = YES_ERROR;
				CLANG_WARN_QUOTED_INCLUDE_IN_FRAMEWORK_HEADER = YES;
				CLANG_WARN_RANGE_LOOP_ANALYSIS = YES;
				CLANG_WARN_STRICT_PROTOTYPES = YES;
				CLANG_WARN_SUSPICIOUS_MOVE = YES;
				CLANG_WARN_UNGUARDED_AVAILABILITY = YES_AGGRESSIVE;
				CLANG_WARN_UNREACHABLE_CODE = YES;
				CLANG_WARN__DUPLICATE_METHOD_MATCH = YES;
				COPY_PHASE_STRIP = NO;
				DEBUG_INFORMATION_FORMAT = "dwarf-with-dsym";
				ENABLE_NS_ASSERTIONS = NO;
				ENABLE_STRICT_OBJC_MSGSEND = YES;
				ENABLE_USER_SCRIPT_SANDBOXING = YES;
				GCC_C_LANGUAGE_STANDARD = gnu17;
				GCC_NO_COMMON_BLOCKS = YES;
				GCC_WARN_64_TO_32_BIT_CONVERSION = YES;
				GCC_WARN_ABOUT_RETURN_TYPE = YES_ERROR;
				GCC_WARN_UNDECLARED_SELECTOR = YES;
				GCC_WARN_UNINITIALIZED_AUTOS = YES_AGGRESSIVE;
				GCC_WARN_UNUSED_FUNCTION = YES;
				GCC_WARN_UNUSED_VARIABLE = YES;
				IPHONEOS_DEPLOYMENT_TARGET = 17.5;
				LOCALIZATION_PREFERS_STRING_CATALOGS = YES;
				MTL_ENABLE_DEBUG_INFO = NO;
				MTL_FAST_MATH = YES;
				SDKROOT = iphoneos;
				SWIFT_COMPILATION_MODE = wholemodule;
				VALIDATE_PRODUCT = YES;
			};
			name = Release;
		};
		3C84B46B2C27AF8000D36C21 /* Debug */ = {
			isa = XCBuildConfiguration;
			buildSettings = {
				ASSETCATALOG_COMPILER_APPICON_NAME = AppIcon;
				ASSETCATALOG_COMPILER_GLOBAL_ACCENT_COLOR_NAME = AccentColor;
				CODE_SIGN_STYLE = Automatic;
				CURRENT_PROJECT_VERSION = 1;
				DEVELOPMENT_TEAM = V6F7KHU9P4;
				GENERATE_INFOPLIST_FILE = YES;
				INFOPLIST_FILE = RickAndMorty/Info.plist;
				INFOPLIST_KEY_UIApplicationSupportsIndirectInputEvents = YES;
				INFOPLIST_KEY_UILaunchStoryboardName = LaunchScreen;
				INFOPLIST_KEY_UISupportedInterfaceOrientations_iPad = "UIInterfaceOrientationPortrait UIInterfaceOrientationPortraitUpsideDown UIInterfaceOrientationLandscapeLeft UIInterfaceOrientationLandscapeRight";
				INFOPLIST_KEY_UISupportedInterfaceOrientations_iPhone = "UIInterfaceOrientationPortrait UIInterfaceOrientationLandscapeLeft UIInterfaceOrientationLandscapeRight";
				LD_RUNPATH_SEARCH_PATHS = (
					"$(inherited)",
					"@executable_path/Frameworks",
				);
				MARKETING_VERSION = 1.0;
				PRODUCT_BUNDLE_IDENTIFIER = com.IanKelly.RickAndMorty;
				PRODUCT_NAME = "$(TARGET_NAME)";
				SWIFT_EMIT_LOC_STRINGS = YES;
				SWIFT_VERSION = 5.0;
				TARGETED_DEVICE_FAMILY = "1,2";
			};
			name = Debug;
		};
		3C84B46C2C27AF8000D36C21 /* Release */ = {
			isa = XCBuildConfiguration;
			buildSettings = {
				ASSETCATALOG_COMPILER_APPICON_NAME = AppIcon;
				ASSETCATALOG_COMPILER_GLOBAL_ACCENT_COLOR_NAME = AccentColor;
				CODE_SIGN_STYLE = Automatic;
				CURRENT_PROJECT_VERSION = 1;
				DEVELOPMENT_TEAM = V6F7KHU9P4;
				GENERATE_INFOPLIST_FILE = YES;
				INFOPLIST_FILE = RickAndMorty/Info.plist;
				INFOPLIST_KEY_UIApplicationSupportsIndirectInputEvents = YES;
				INFOPLIST_KEY_UILaunchStoryboardName = LaunchScreen;
				INFOPLIST_KEY_UISupportedInterfaceOrientations_iPad = "UIInterfaceOrientationPortrait UIInterfaceOrientationPortraitUpsideDown UIInterfaceOrientationLandscapeLeft UIInterfaceOrientationLandscapeRight";
				INFOPLIST_KEY_UISupportedInterfaceOrientations_iPhone = "UIInterfaceOrientationPortrait UIInterfaceOrientationLandscapeLeft UIInterfaceOrientationLandscapeRight";
				LD_RUNPATH_SEARCH_PATHS = (
					"$(inherited)",
					"@executable_path/Frameworks",
				);
				MARKETING_VERSION = 1.0;
				PRODUCT_BUNDLE_IDENTIFIER = com.IanKelly.RickAndMorty;
				PRODUCT_NAME = "$(TARGET_NAME)";
				SWIFT_EMIT_LOC_STRINGS = YES;
				SWIFT_VERSION = 5.0;
				TARGETED_DEVICE_FAMILY = "1,2";
			};
			name = Release;
		};
/* End XCBuildConfiguration section */

/* Begin XCConfigurationList section */
		3C84B4512C27AF7F00D36C21 /* Build configuration list for PBXProject "RickAndMorty" */ = {
			isa = XCConfigurationList;
			buildConfigurations = (
				3C84B4682C27AF8000D36C21 /* Debug */,
				3C84B4692C27AF8000D36C21 /* Release */,
			);
			defaultConfigurationIsVisible = 0;
			defaultConfigurationName = Release;
		};
		3C84B46A2C27AF8000D36C21 /* Build configuration list for PBXNativeTarget "RickAndMorty" */ = {
			isa = XCConfigurationList;
			buildConfigurations = (
				3C84B46B2C27AF8000D36C21 /* Debug */,
				3C84B46C2C27AF8000D36C21 /* Release */,
			);
			defaultConfigurationIsVisible = 0;
			defaultConfigurationName = Release;
		};
/* End XCConfigurationList section */
	};
	rootObject = 3C84B44E2C27AF7F00D36C21 /* Project object */;
}
